
Microsoft Visual Studio Solution File, Format Version 12.00
# Visual Studio 15
VisualStudioVersion = 15.0.27428.2037
MinimumVisualStudioVersion = 10.0.40219.1
Project("{FAE04EC0-301F-11D3-BF4B-00C04F79EFBC}") = "ControleContaTrajanoII.WEB", "ControleContaTrajanoII.WEB\ControleContaTrajanoII.WEB.csproj", "{84F13A6D-8E27-4603-838C-A12A51126492}"
EndProject
Project("{FAE04EC0-301F-11D3-BF4B-00C04F79EFBC}") = "ControleContaTrajanoII.Core", "ControleContaTrajanoII.Core\ControleContaTrajanoII.Core.csproj", "{5895F157-04C1-433D-A7D4-E148FD17D08B}"
EndProject
Project("{FAE04EC0-301F-11D3-BF4B-00C04F79EFBC}") = "ControleContaTrajanoII.API", "ControleContaTrajanoII.API\ControleContaTrajanoII.API.csproj", "{B00CB936-A9F0-4C8E-AEEB-BC198C4FF844}"
EndProject
Project("{FAE04EC0-301F-11D3-BF4B-00C04F79EFBC}") = "ControleContaTrajanoII.Models", "ControleContaTrajanoII.Models\ControleContaTrajanoII.Models.csproj", "{0A89C682-856C-4083-B652-44AE0654C071}"
EndProject
Global
	GlobalSection(SolutionConfigurationPlatforms) = preSolution
		Debug|Any CPU = Debug|Any CPU
		Release|Any CPU = Release|Any CPU
	EndGlobalSection
	GlobalSection(ProjectConfigurationPlatforms) = postSolution
		{84F13A6D-8E27-4603-838C-A12A51126492}.Debug|Any CPU.ActiveCfg = Debug|Any CPU
		{84F13A6D-8E27-4603-838C-A12A51126492}.Debug|Any CPU.Build.0 = Debug|Any CPU
		{84F13A6D-8E27-4603-838C-A12A51126492}.Release|Any CPU.ActiveCfg = Release|Any CPU
		{84F13A6D-8E27-4603-838C-A12A51126492}.Release|Any CPU.Build.0 = Release|Any CPU
		{5895F157-04C1-433D-A7D4-E148FD17D08B}.Debug|Any CPU.ActiveCfg = Debug|Any CPU
		{5895F157-04C1-433D-A7D4-E148FD17D08B}.Debug|Any CPU.Build.0 = Debug|Any CPU
		{5895F157-04C1-433D-A7D4-E148FD17D08B}.Release|Any CPU.ActiveCfg = Release|Any CPU
		{5895F157-04C1-433D-A7D4-E148FD17D08B}.Release|Any CPU.Build.0 = Release|Any CPU
		{B00CB936-A9F0-4C8E-AEEB-BC198C4FF844}.Debug|Any CPU.ActiveCfg = Debug|Any CPU
		{B00CB936-A9F0-4C8E-AEEB-BC198C4FF844}.Debug|Any CPU.Build.0 = Debug|Any CPU
		{B00CB936-A9F0-4C8E-AEEB-BC198C4FF844}.Release|Any CPU.ActiveCfg = Release|Any CPU
		{B00CB936-A9F0-4C8E-AEEB-BC198C4FF844}.Release|Any CPU.Build.0 = Release|Any CPU
		{0A89C682-856C-4083-B652-44AE0654C071}.Debug|Any CPU.ActiveCfg = Debug|Any CPU
		{0A89C682-856C-4083-B652-44AE0654C071}.Debug|Any CPU.Build.0 = Debug|Any CPU
		{0A89C682-856C-4083-B652-44AE0654C071}.Release|Any CPU.ActiveCfg = Release|Any CPU
		{0A89C682-856C-4083-B652-44AE0654C071}.Release|Any CPU.Build.0 = Release|Any CPU
	EndGlobalSection
	GlobalSection(SolutionProperties) = preSolution
		HideSolutionNode = FALSE
	EndGlobalSection
	GlobalSection(ExtensibilityGlobals) = postSolution
		SolutionGuid = {8D4D645F-B2DA-4234-85D1-A4053C539738}
	EndGlobalSection
EndGlobal
